# -------------------------------------------------------------------------- #
#
# Copyright (C) 2017  Intel Corporation. All rights reserved.
# Your use of Intel Corporation's design tools, logic functions 
# and other software and tools, and its AMPP partner logic 
# functions, and any output files from any of the foregoing 
# (including device programming or simulation files), and any 
# associated documentation or information are expressly subject 
# to the terms and conditions of the Intel Program License 
# Subscription Agreement, the Intel Quartus Prime License Agreement,
# the Intel MegaCore Function License Agreement, or other 
# applicable license agreement, including, without limitation, 
# that your use is for the sole purpose of programming logic 
# devices manufactured by Intel and sold by Intel or its 
# authorized distributors.  Please refer to the applicable 
# agreement for further details.
#
# -------------------------------------------------------------------------- #
#
# Quartus Prime
# Version 16.1.2 Build 203 01/18/2017 SJ Lite Edition
# Date created = 17:04:56  November 07, 2017
#
# -------------------------------------------------------------------------- #
#
# Notes:
#
# 1) The default values for assignments are stored in the file:
#		vga_assignment_defaults.qdf
#    If this file doesn't exist, see file:
#		assignment_defaults.qdf
#
# 2) Altera recommends that you do not modify this file. This
#    file is updated automatically by the Quartus Prime software
#    and any changes you make may be lost or overwritten.
#
# -------------------------------------------------------------------------- #


set_global_assignment -name FAMILY "Cyclone V"
set_global_assignment -name DEVICE 5CSEMA4U23C6
set_global_assignment -name TOP_LEVEL_ENTITY vga_top
set_global_assignment -name ORIGINAL_QUARTUS_VERSION 15.0.0
set_global_assignment -name PROJECT_CREATION_TIME_DATE "11:02:36  SEPTEMBER 14, 2015"
set_global_assignment -name LAST_QUARTUS_VERSION "16.1.2 Lite Edition"
set_global_assignment -name PROJECT_OUTPUT_DIRECTORY output_files
set_global_assignment -name EDA_SIMULATION_TOOL "ModelSim-Altera (VHDL)"
set_global_assignment -name PARTITION_NETLIST_TYPE SOURCE -section_id Top
set_global_assignment -name PARTITION_FITTER_PRESERVATION_LEVEL PLACEMENT_AND_ROUTING -section_id Top
set_global_assignment -name PARTITION_COLOR 16764057 -section_id Top
set_location_assignment PIN_V11 -to clk
set_location_assignment PIN_L10 -to sw[0]
set_location_assignment PIN_L9 -to sw[1]
set_location_assignment PIN_H6 -to sw[2]
set_location_assignment PIN_AH17 -to rst
set_location_assignment PIN_AG6 -to hsync
set_location_assignment PIN_AH2 -to vsync
set_location_assignment PIN_AH3 -to px_clk
set_location_assignment PIN_AD10 -to rgb[0]
set_location_assignment PIN_AF5 -to rgb[1]
set_location_assignment PIN_AH6 -to rgb[2]
set_instance_assignment -name IO_STANDARD "3.3-V LVTTL" -to clk
set_instance_assignment -name IO_STANDARD "3.3-V LVTTL" -to hsync
set_instance_assignment -name IO_STANDARD "3.3-V LVTTL" -to px_clk
set_instance_assignment -name IO_STANDARD "3.3-V LVTTL" -to rgb[2]
set_instance_assignment -name IO_STANDARD "3.3-V LVTTL" -to rgb[1]
set_instance_assignment -name IO_STANDARD "3.3-V LVTTL" -to rgb[0]
set_instance_assignment -name IO_STANDARD "3.3-V LVTTL" -to rst
set_instance_assignment -name IO_STANDARD "3.3-V LVTTL" -to sw[2]
set_instance_assignment -name IO_STANDARD "3.3-V LVTTL" -to sw[1]
set_instance_assignment -name IO_STANDARD "3.3-V LVTTL" -to sw[0]
set_instance_assignment -name IO_STANDARD "3.3-V LVTTL" -to vsync
set_global_assignment -name ENABLE_OCT_DONE OFF
set_global_assignment -name STRATIXV_CONFIGURATION_SCHEME "PASSIVE SERIAL"
set_global_assignment -name USE_CONFIGURATION_DEVICE ON
set_global_assignment -name CRC_ERROR_OPEN_DRAIN ON
set_global_assignment -name RESERVE_ALL_UNUSED_PINS_WEAK_PULLUP "AS INPUT TRI-STATED"
set_global_assignment -name OUTPUT_IO_TIMING_NEAR_END_VMEAS "HALF VCCIO" -rise
set_global_assignment -name OUTPUT_IO_TIMING_NEAR_END_VMEAS "HALF VCCIO" -fall
set_global_assignment -name OUTPUT_IO_TIMING_FAR_END_VMEAS "HALF SIGNAL SWING" -rise
set_global_assignment -name OUTPUT_IO_TIMING_FAR_END_VMEAS "HALF SIGNAL SWING" -fall
set_global_assignment -name ACTIVE_SERIAL_CLOCK FREQ_100MHZ
set_global_assignment -name CDF_FILE output_files/vga.cdf
set_global_assignment -name VHDL_FILE ../../../../Documents/GitHub/em016/vhdl/vga_top.vhd
set_global_assignment -name VHDL_FILE ../../../../Documents/GitHub/em016/vhdl/vga_sync.vhd
set_instance_assignment -name IO_STANDARD "3.3-V LVTTL" -to video_on
set_location_assignment PIN_AF4 -to video_on
set_instance_assignment -name PARTITION_HIERARCHY root_partition -to | -section_id Top